
Microsoft Visual Studio Solution File, Format Version 12.00
# Visual Studio Version 16
VisualStudioVersion = 16.0.29911.84
MinimumVisualStudioVersion = 10.0.40219.1
Project("{9A19103F-16F7-4668-BE54-9A1E7A4F7556}") = "Project-NORWAY-Busexpress", "Project-NORWAY-Busexpress\Project-NORWAY-Busexpress.csproj", "{B0EAA9D7-671A-4BF9-BFDC-F0656E51E671}"
EndProject
Project("{FAE04EC0-301F-11D3-BF4B-00C04F79EFBC}") = "XUnitTest-NORWAY-Busexpress", "XUnitTest-NORWAY-Busexpress\XUnitTest-NORWAY-Busexpress.csproj", "{239509A9-BA87-472B-B5E5-CED5ECBF3463}"
EndProject
Global
	GlobalSection(SolutionConfigurationPlatforms) = preSolution
		Debug|Any CPU = Debug|Any CPU
		Release|Any CPU = Release|Any CPU
	EndGlobalSection
	GlobalSection(ProjectConfigurationPlatforms) = postSolution
		{B0EAA9D7-671A-4BF9-BFDC-F0656E51E671}.Debug|Any CPU.ActiveCfg = Debug|Any CPU
		{B0EAA9D7-671A-4BF9-BFDC-F0656E51E671}.Debug|Any CPU.Build.0 = Debug|Any CPU
		{B0EAA9D7-671A-4BF9-BFDC-F0656E51E671}.Release|Any CPU.ActiveCfg = Release|Any CPU
		{B0EAA9D7-671A-4BF9-BFDC-F0656E51E671}.Release|Any CPU.Build.0 = Release|Any CPU
		{239509A9-BA87-472B-B5E5-CED5ECBF3463}.Debug|Any CPU.ActiveCfg = Debug|Any CPU
		{239509A9-BA87-472B-B5E5-CED5ECBF3463}.Debug|Any CPU.Build.0 = Debug|Any CPU
		{239509A9-BA87-472B-B5E5-CED5ECBF3463}.Release|Any CPU.ActiveCfg = Release|Any CPU
		{239509A9-BA87-472B-B5E5-CED5ECBF3463}.Release|Any CPU.Build.0 = Release|Any CPU
	EndGlobalSection
	GlobalSection(SolutionProperties) = preSolution
		HideSolutionNode = FALSE
	EndGlobalSection
	GlobalSection(ExtensibilityGlobals) = postSolution
		SolutionGuid = {B48A18B0-7503-4731-A53F-9E8A38C07CB6}
	EndGlobalSection
EndGlobal
